
Microsoft Visual Studio Solution File, Format Version 12.00
# Visual Studio Version 17
VisualStudioVersion = 17.11.35327.3
MinimumVisualStudioVersion = 10.0.40219.1
Project("{9A19103F-16F7-4668-BE54-9A1E7A4F7556}") = "ArbitraryComponentAccess", "ArbitraryComponentAccess\ArbitraryComponentAccess.csproj", "{49341FFD-B153-419D-B14E-964878E899AE}"
EndProject
Project("{9A19103F-16F7-4668-BE54-9A1E7A4F7556}") = "SourceGen", "SourceGen\SourceGen.csproj", "{E7AD8C00-492F-4C08-96F9-4AF7D2F8D502}"
EndProject
Project("{2150E333-8FDC-42A3-9474-1A3956D46DE8}") = "Solution Items", "Solution Items", "{D8A4235D-18D7-4F89-ABEE-8BC9A5687128}"
	ProjectSection(SolutionItems) = preProject
		.editorconfig = .editorconfig
	EndProjectSection
EndProject
Project("{FAE04EC0-301F-11D3-BF4B-00C04F79EFBC}") = "ErrorsSourceGen", "ErrorsSourceGen\ErrorsSourceGen.csproj", "{0FA8726B-5737-4983-8922-2CAA8649EAEA}"
EndProject
Global
	GlobalSection(SolutionConfigurationPlatforms) = preSolution
		Debug|Any CPU = Debug|Any CPU
		Release|Any CPU = Release|Any CPU
	EndGlobalSection
	GlobalSection(ProjectConfigurationPlatforms) = postSolution
		{49341FFD-B153-419D-B14E-964878E899AE}.Debug|Any CPU.ActiveCfg = Debug|Any CPU
		{49341FFD-B153-419D-B14E-964878E899AE}.Debug|Any CPU.Build.0 = Debug|Any CPU
		{49341FFD-B153-419D-B14E-964878E899AE}.Release|Any CPU.ActiveCfg = Release|Any CPU
		{49341FFD-B153-419D-B14E-964878E899AE}.Release|Any CPU.Build.0 = Release|Any CPU
		{E7AD8C00-492F-4C08-96F9-4AF7D2F8D502}.Debug|Any CPU.ActiveCfg = Debug|Any CPU
		{E7AD8C00-492F-4C08-96F9-4AF7D2F8D502}.Debug|Any CPU.Build.0 = Debug|Any CPU
		{E7AD8C00-492F-4C08-96F9-4AF7D2F8D502}.Release|Any CPU.ActiveCfg = Release|Any CPU
		{E7AD8C00-492F-4C08-96F9-4AF7D2F8D502}.Release|Any CPU.Build.0 = Release|Any CPU
		{0FA8726B-5737-4983-8922-2CAA8649EAEA}.Debug|Any CPU.ActiveCfg = Debug|Any CPU
		{0FA8726B-5737-4983-8922-2CAA8649EAEA}.Debug|Any CPU.Build.0 = Debug|Any CPU
		{0FA8726B-5737-4983-8922-2CAA8649EAEA}.Release|Any CPU.ActiveCfg = Release|Any CPU
		{0FA8726B-5737-4983-8922-2CAA8649EAEA}.Release|Any CPU.Build.0 = Release|Any CPU
	EndGlobalSection
	GlobalSection(SolutionProperties) = preSolution
		HideSolutionNode = FALSE
	EndGlobalSection
	GlobalSection(ExtensibilityGlobals) = postSolution
		SolutionGuid = {4482F22F-1C6E-409A-804D-C6AF7F719196}
	EndGlobalSection
EndGlobal
